version = 1
revision = 3
requires-python = ">=3.12"

[[package]]
name = "attrs"
version = "26.1.0"
source = { registry = "https://pypi.org/simple" }
sdist = { url = "https://files.pythonhosted.org/packages/9a/8e/82a0fe20a541c03148528be8cac2408564a6c9a0cc7e9171802bc1d26985/attrs-26.1.0.tar.gz", hash = "sha256:d03ceb89cb322a8fd706d4fb91940737b6642aa36998fe130a9bc96c985eff32", size = 952055, upload-time = "2026-03-19T14:22:25.026Z" }
wheels = [
    { url = "https://files.pythonhosted.org/packages/64/b4/17d4b0b2a2dc85a6df63d1157e028ed19f90d4cd97c36717afef2bc2f395/attrs-26.1.0-py3-none-any.whl", hash = "sha256:c647aa4a12dfbad9333ca4e71fe62ddc36f4e63b2d260a37a8b83d2f043ac309", size = 67548, upload-time = "2026-03-19T14:22:23.645Z" },
]

[[package]]
name = "build"
version = "1.6.1"
source = { registry = "https://pypi.org/simple" }
dependencies = [
    { name = "colorama", marker = "os_name == 'nt'" },
    { name = "packaging" },
    { name = "pyproject-hooks" },
]
sdist = { url = "https://files.pythonhosted.org/packages/bd/67/4898a44ea4f3f8e213b0954ec0aa0a16971d62a6212d6ea3931e97115b99/build-1.6.1.tar.gz", hash = "sha256:51cc11666391ab6f092070437ac747002ff46f3e4113a3622177ee6b488bfc53", size = 113427, upload-time = "2026-09-10T07:56:00.417Z" }
wheels = [
    { url = "https://files.pythonhosted.org/packages/ad/9b/9fb3585dabcd73a1b2a6267f63f62649347c9e6d072c9fde365b105abb2c/build-1.6.1-py3-none-any.whl", hash = "sha256:ecd351a4be9d35a9eaaba244a7687143c9c7d4aea6ac964e7e7ddab20cbcf4e7", size = 31179, upload-time = "2026-09-10T07:55:59.148Z" },
]

[[package]]
name = "colorama"
version = "0.4.6"
source = { registry = "https://pypi.org/simple" }
sdist = { url = "https://files.pythonhosted.org/packages/d8/53/6f443c9a4a8358a93a6792e2acffb9d9d5cb0a5cfd8802644b7b1c9a02e4/colorama-0.4.6.tar.gz", hash = "sha256:08695f5cb7ed6e0531a20572697297273c47b8cae5a63ffc6d6ed5c201be6e44", size = 27697, upload-time = "2022-10-25T02:36:22.414Z" }
wheels = [
    { url = "https://files.pythonhosted.org/packages/d1/d6/3965ed04c63042e047cb6a3e6ed1a63a35087b6a609aa3a15ed8ac56c221/colorama-0.4.6-py2.py3-none-any.whl", hash = "sha256:4f1d9991f5acc0ca119f9d443620b77f9d6b33703e51011c16baf57afb285fc6", size = 25335, upload-time = "2022-10-25T02:36:20.889Z" },
]

[[package]]
name = "cyclopts"
version = "5.1.1"
source = { registry = "https://pypi.org/simple" }
dependencies = [
    { name = "attrs" },
    { name = "docstring-parser" },
    { name = "rich" },
    { name = "rich-rst" },
]
sdist = { url = "https://files.pythonhosted.org/packages/85/8c/7a7f5a3af1845cb6b9c28bf2a6db1bc510a6b9661109138c70ab6d8d650a/cyclopts-5.1.1.tar.gz", hash = "sha256:252fe37b01a80f10933f91c312db551e4e86ffd87bee401ab2ed091769135426", size = 237903, upload-time = "2026-10-01T00:00:02.762Z" }
wheels = [
    { url = "https://files.pythonhosted.org/packages/2a/37/1afff6923395f2f0ce730bae8851371b7418be17dc44d90ba80f72799240/cyclopts-5.1.1-py3-none-any.whl", hash = "sha256:ff0da67b2d2d8fe716d20ab82c698277ef30a8fb75d24e9b38a06f56c44931fd", size = 279527, upload-time = "2026-10-01T00:00:00.485Z" },
]

[[package]]
name = "docstring-parser"
version = "0.18.0"
source = { registry = "https://pypi.org/simple" }
sdist = { url = "https://files.pythonhosted.org/packages/e0/4d/f332313098c1de1b2d2ff91cf2674415cc7cddab2ca1b01ae29774bd5fdf/docstring_parser-0.18.0.tar.gz", hash = "sha256:292510982205c12b1248696f44959db3cdd1740237a968ea1e2e7a900eeb2015", size = 29341, upload-time = "2026-04-14T04:09:19.867Z" }
wheels = [
    { url = "https://files.pythonhosted.org/packages/a7/5f/ed01f9a3cdffbd5a008556fc7b2a08ddb1cc6ace7effa7340604b1d16699/docstring_parser-0.18.0-py3-none-any.whl", hash = "sha256:b3fcbed555c47d8479be0796ef7e19c2670d428d72e96da63f3a40122860374b", size = 22484, upload-time = "2026-04-14T04:09:18.638Z" },
]

[[package]]
name = "iniconfig"
version = "2.3.0"
source = { registry = "https://pypi.org/simple" }
sdist = { url = "https://files.pythonhosted.org/packages/72/34/14ca021ce8e5dfedc35312d08ba8bf51fdd999c576889fc2c24cb97f4f10/iniconfig-2.3.0.tar.gz", hash = "sha256:c76315c77db068650d49c5b56314774a7804df16fee4402c1f19d6d15d8c4730", size = 20503, upload-time = "2025-10-18T21:55:43.219Z" }
wheels = [
    { url = "https://files.pythonhosted.org/packages/cb/b1/3846dd7f199d53cb17f49cba7e651e9ce294d8497c8c150530ed11865bb8/iniconfig-2.3.0-py3-none-any.whl", hash = "sha256:f631c04d2c48c52b84d0d0549c99ff3859c98df65b3101406327ecc7d53fbf12", size = 7484, upload-time = "2025-10-18T21:55:41.639Z" },
]

[[package]]
name = "markdown-it-py"
version = "4.2.0"
source = { registry = "https://pypi.org/simple" }
dependencies = [
    { name = "mdurl" },
]
sdist = { url = "https://files.pythonhosted.org/packages/06/ff/7841249c247aa650a76b9ee4bbaeae59370dc8bfd2f6c01f3630c35eb134/markdown_it_py-4.2.0.tar.gz", hash = "sha256:04a21681d6fbb623de53f6f364d352309d4094dd4194040a10fd51833e418d49", size = 82454, upload-time = "2026-05-07T12:08:28.36Z" }
wheels = [
    { url = "https://files.pythonhosted.org/packages/b3/81/4da04ced5a082363ecfa159c010d200ecbd959ae410c10c0264a38cac0f5/markdown_it_py-4.2.0-py3-none-any.whl", hash = "sha256:9f7ebbcd14fe59494226453aed97c1070d83f8d24b6fc3a3bcf9a38092641c4a", size = 91687, upload-time = "2026-05-07T12:08:27.182Z" },
]

[[package]]
name = "mdurl"
version = "0.1.2"
source = { registry = "https://pypi.org/simple" }
sdist = { url = "https://files.pythonhosted.org/packages/d6/54/cfe61301667036ec958cb99bd3efefba235e65cdeb9c84d24a8293ba1d90/mdurl-0.1.2.tar.gz", hash = "sha256:bb413d29f5eea38f31dd4754dd7377d4465116fb207585f97bf925588687c1ba", size = 8729, upload-time = "2022-08-14T12:40:10.846Z" }
wheels = [
    { url = "https://files.pythonhosted.org/packages/b3/38/89ba8ad64ae25be8de66a6d463314cf1eb366222074cfda9ee839c56a4b4/mdurl-0.1.2-py3-none-any.whl", hash = "sha256:84008a41e51615a49fc9966191ff91509e3c40b939176e643fd50a5c2196b8f8", size = 9979, upload-time = "2022-08-14T12:40:09.779Z" },
]

[[package]]
name = "packaging"
version = "26.3"
source = { registry = "https://pypi.org/simple" }
sdist = { url = "https://files.pythonhosted.org/packages/7d/fa/3944b40b07da9ce895c0e6303a5ab7d53da063554f534556b134a54d6093/packaging-26.3.tar.gz", hash = "sha256:94edc256424af38762eb31306eed28beb9f0efc50a8837492c9d6fd6004aed79", size = 313412, upload-time = "2026-08-04T18:15:28.737Z" }
wheels = [
    { url = "https://files.pythonhosted.org/packages/63/34/ba1c580383c9eada3711951fef0795c80b829a078d72188184bcab9dd527/packaging-26.3-py3-none-any.whl", hash = "sha256:d7193f7c8e4e93f444fde0262bf90af30e16fa0ad0ad44cb553c87339b23cd1c", size = 129956, upload-time = "2026-08-04T18:15:27.159Z" },
]

[[package]]
name = "pluggy"
version = "1.6.0"
source = { registry = "https://pypi.org/simple" }
sdist = { url = "https://files.pythonhosted.org/packages/f9/e2/3e91f31a7d2b083fe6ef3fa267035b518369d9511ffab804f839851d2779/pluggy-1.6.0.tar.gz", hash = "sha256:7dcc130b76258d33b90f61b658791dede3486c3e6bfb003ee5c9bfb396dd22f3", size = 69412, upload-time = "2025-05-15T12:30:07.975Z" }
wheels = [
    { url = "https://files.pythonhosted.org/packages/54/20/4d324d65cc6d9205fabedc306948156824eb9f0ee1633355a8f7ec5c66bf/pluggy-1.6.0-py3-none-any.whl", hash = "sha256:e920276dd6813095e9377c0bc5566d94c932c33b27a3e3945d8389c374dd4746", size = 20538, upload-time = "2025-05-15T12:30:06.134Z" },
]

[[package]]
name = "pygments"
version = "2.21.0"
source = { registry = "https://pypi.org/simple" }
sdist = { url = "https://files.pythonhosted.org/packages/49/2e/ced460408999b33da6b31b0021b0f37d329e202d4169aeb164493778f25b/pygments-2.21.0.tar.gz", hash = "sha256:610ca751c9bc2492b38eb9a38a7fbc93edbbb2d7182edaf34e66ae493dee5c8c", size = 5005329, upload-time = "2026-08-17T08:02:48.824Z" }
wheels = [
    { url = "https://files.pythonhosted.org/packages/71/46/17f022dd3e953bf20a04a028a21ec746d942f8d2af30fa0f124fa0e6a684/pygments-2.21.0-py3-none-any.whl", hash = "sha256:2363c69b61c4a97c838da3b130dcd6468f4848992b21a82f2a63ec34377137d9", size = 1250147, upload-time = "2026-08-17T08:02:44.912Z" },
]

[[package]]
name = "pyproject-hooks"
version = "1.3.3"
source = { registry = "https://pypi.org/simple" }
sdist = { url = "https://files.pythonhosted.org/packages/6d/5d/f2ddeef4a855a102aaae5e97826a0260007522ab504421b75addfdb1517c/pyproject_hooks-1.3.3.tar.gz", hash = "sha256:defda19b854fa0d3bd4f76ea4ddcba8abd7dcfcdd585a6690ade050744fc5f43", size = 21013, upload-time = "2026-09-16T08:58:03.999Z" }
wheels = [
    { url = "https://files.pythonhosted.org/packages/85/11/044d1ae1b4ec0d7af88ee5bc91e081be1022533032b906a7bdabdbb60977/pyproject_hooks-1.3.3-py3-none-any.whl", hash = "sha256:5fc53fdac9f7bd63fbcdc868fb5f90b4784d78a53a3d3388cd738b807441a20b", size = 10724, upload-time = "2026-09-16T08:58:02.96Z" },
]

[[package]]
name = "pytest"
version = "9.1.1"
source = { registry = "https://pypi.org/simple" }
dependencies = [
    { name = "colorama", marker = "sys_platform == 'win32'" },
    { name = "iniconfig" },
    { name = "packaging" },
    { name = "pluggy" },
    { name = "pygments" },
]
sdist = { url = "https://files.pythonhosted.org/packages/e4/47/b9efed96c114afcfa3c9d3fe98a76a1d14c74a9e266d397cf6eb64be5e01/pytest-9.1.1.tar.gz", hash = "sha256:1088fbde8f2b49d95a549a195707afa7a76a3ce9bcadc26b6d71f0ffda5fe313", size = 1636369, upload-time = "2026-06-19T10:58:32.857Z" }
wheels = [
    { url = "https://files.pythonhosted.org/packages/24/25/1de2678b631f5a49215c6c96fff41ba892b0a34df68d6d80292b1b48aa7f/pytest-9.1.1-py3-none-any.whl", hash = "sha256:37a86b45efb9a47a61a36449063e8e18d0cab3161329fc099eb21783169c4f0c", size = 386536, upload-time = "2026-06-19T10:58:31.347Z" },
]

[[package]]
name = "rich"
version = "15.0.0"
source = { registry = "https://pypi.org/simple" }
dependencies = [
    { name = "markdown-it-py" },
    { name = "pygments" },
]
sdist = { url = "https://files.pythonhosted.org/packages/c0/8f/0722ca900cc807c13a6a0c696dacf35430f72e0ec571c4275d2371fca3e9/rich-15.0.0.tar.gz", hash = "sha256:edd07a4824c6b40189fb7ac9bc4c52536e9780fbbfbddf6f1e2502c31b068c36", size = 230680, upload-time = "2026-04-12T08:24:00.75Z" }
wheels = [
    { url = "https://files.pythonhosted.org/packages/82/3b/64d4899d73f91ba49a8c18a8ff3f0ea8f1c1d75481760df8c68ef5235bf5/rich-15.0.0-py3-none-any.whl", hash = "sha256:33bd4ef74232fb73fe9279a257718407f169c09b78a87ad3d296f548e27de0bb", size = 310654, upload-time = "2026-04-12T08:24:02.83Z" },
]

[[package]]
name = "rich-rst"
version = "2.2.0"
source = { registry = "https://pypi.org/simple" }
dependencies = [
    { name = "pygments" },
    { name = "rich" },
]
sdist = { url = "https://files.pythonhosted.org/packages/cf/0e/faf7c7e36630561e3e9611730c47510cd972dd5fde8f95941ff78f76accd/rich_rst-2.2.0.tar.gz", hash = "sha256:b1e6a67f8f694a6f36035624bf73e2b1a0a4be13edaf3ba5e654d9758b61073a", size = 326270, upload-time = "2026-09-27T19:12:42.163Z" }
wheels = [
    { url = "https://files.pythonhosted.org/packages/d1/4e/716b42bf066e180c1235783b46f095a5d871d05dca7006d2295aac29c491/rich_rst-2.2.0-py3-none-any.whl", hash = "sha256:1ea1c43813dc4a8d86475fce27ffb74e0ada3d4656c9f8130ba2a59868055fe9", size = 279274, upload-time = "2026-09-27T19:12:40.548Z" },
]

[[package]]
name = "ruff"
version = "0.16.10"
source = { registry = "https://pypi.org/simple" }
sdist = { url = "https://files.pythonhosted.org/packages/c4/49/23802c45f093eb14bde54b141d2b2f058edfa63a06db7beed047308cc08f/ruff-0.16.10.tar.gz", hash = "sha256:eff4728c4eaae93f0955cd264d24b2ab348e74bf59986ccf282ba6dc16b3b017", size = 4958724, upload-time = "2026-10-01T18:03:21.697Z" }
wheels = [
    { url = "https://files.pythonhosted.org/packages/2f/21/ebce22e1d90cdb2cd691026b9c6e9bec6499f0b396089481755b5d49efff/ruff-0.16.10-py3-none-linux_armv6l.whl", hash = "sha256:488b0fe3f3574210e5cf80d9f59b9e3ab17a127a8155de3f307b392589cfb511", size = 10095557, upload-time = "2026-10-01T18:02:36.072Z" },
    { url = "https://files.pythonhosted.org/packages/cb/98/a54de85876a8b2612bfa0d84c7b9abfb39c6a3354aee7800b09c1649b9e3/ruff-0.16.10-py3-none-macosx_10_12_x86_64.whl", hash = "sha256:e748ff95c934c4e978783b8e687bc174e7bd84e8ad24e3243e1ecfcda5e0282d", size = 10340577, upload-time = "2026-10-01T18:02:39.258Z" },
    { url = "https://files.pythonhosted.org/packages/9f/16/1a5a4a2657effe4806110f2b907313802f1367fcdbb29e8122766e407fab/ruff-0.16.10-py3-none-macosx_11_0_arm64.whl", hash = "sha256:3031a4a2e8e7b8a46f70be45f198c35a11ece509a94b80334d8d397a33c67550", size = 9774282, upload-time = "2026-10-01T18:02:41.79Z" },
    { url = "https://files.pythonhosted.org/packages/6e/fb/470085af734da396e68cd80fb0a3e7c109a459716ae59588c0f6fab8a17d/ruff-0.16.10-py3-none-manylinux_2_17_aarch64.manylinux2014_aarch64.whl", hash = "sha256:494401c86df4c4c25f69b9419605d944467ee98c42fb6ad405ef4fa40b8fb67d", size = 9920895, upload-time = "2026-10-01T18:02:44.458Z" },
    { url = "https://files.pythonhosted.org/packages/57/de/f10cffe4f88a37ea6615ec460f01bf76f0bc1477737a35d9ee61a630a78b/ruff-0.16.10-py3-none-manylinux_2_17_armv7l.manylinux2014_armv7l.whl", hash = "sha256:d203abc0ff2b773ee33d00ab8df0bb67046fbc7c07b119332f08b9b345cf8221", size = 9902707, upload-time = "2026-10-01T18:02:47.041Z" },
    { url = "https://files.pythonhosted.org/packages/ff/44/3fdcedf83ae60ef837dd239170e480dce606a9142cfa2db911afdf855fd9/ruff-0.16.10-py3-none-manylinux_2_17_i686.manylinux2014_i686.whl", hash = "sha256:bd83d1235a5258d318477bc5b576303974cbdef5df0c01a1bff14efcc23bd12a", size = 10619287, upload-time = "2026-10-01T18:02:49.485Z" },
    { url = "https://files.pythonhosted.org/packages/c1/62/02e76a5574002153618eafbb70e159468addc72a5d2c488e65cbb4639d2d/ruff-0.16.10-py3-none-manylinux_2_17_ppc64le.manylinux2014_ppc64le.whl", hash = "sha256:bc2610fb269fa56dd8a68669ae470fa6272902668c0fc2ebc3aa112b2633d5b8", size = 11339942, upload-time = "2026-10-01T18:02:52.008Z" },
    { url = "https://files.pythonhosted.org/packages/6b/c4/cde27d47ad8d4126c587e608c67c46e7feac11763f606d261a1bc8a489e6/ruff-0.16.10-py3-none-manylinux_2_17_s390x.manylinux2014_s390x.whl", hash = "sha256:3e70175e29cc94c26ea296c80e470180b744b7419026898e58f520c6ab32578e", size = 10934316, upload-time = "2026-10-01T18:02:54.811Z" },
    { url = "https://files.pythonhosted.org/packages/e4/03/17234145f302a645a123e8c3bb2411ecf4669fbc350de3b0d803230a1729/ruff-0.16.10-py3-none-manylinux_2_17_x86_64.manylinux2014_x86_64.whl", hash = "sha256:f33f43a864a8483eebd160e713336c8bab02c934feaff0a33cf5ccb41546d09a", size = 10387968, upload-time = "2026-10-01T18:02:57.497Z" },
    { url = "https://files.pythonhosted.org/packages/71/29/2493af60240ee7644b38a4b821f5f9c3b5a4fa3178770fe1d0c685217395/ruff-0.16.10-py3-none-manylinux_2_31_riscv64.whl", hash = "sha256:1dfc6f0088149fb6a362c1c446bcbb3fd2157b3852fe2fa68409276eab9ad9b3", size = 10537906, upload-time = "2026-10-01T18:03:00.006Z" },
    { url = "https://files.pythonhosted.org/packages/2e/9a/f56b28f3b143bb9e518c34fb89ab191b626bca8b70dbf8af0d2e2d473572/ruff-0.16.10-py3-none-musllinux_1_2_aarch64.whl", hash = "sha256:6553498afc35f580f036030795810b9e6bcea31604b0fd9e8d352795473042e3", size = 10012938, upload-time = "2026-10-01T18:03:03.006Z" },
    { url = "https://files.pythonhosted.org/packages/c2/c4/fca37362848ea4d4d80712df13632e645e7c7cfb1bdedf140699ac7a090b/ruff-0.16.10-py3-none-musllinux_1_2_armv7l.whl", hash = "sha256:a3b8471dea115d37f123882be852bed13403746d3a76c11de4a19ec5f9ff5a03", size = 9897945, upload-time = "2026-10-01T18:03:05.818Z" },
    { url = "https://files.pythonhosted.org/packages/7d/c7/e0bc57664d6e0c61fd22f620af260fe9662d7e1ddb320ea7f160e76ef165/ruff-0.16.10-py3-none-musllinux_1_2_i686.whl", hash = "sha256:92e59a70bcbd9d3a5483656da906ec28edfdacfce00afd99edb8b4e9d15644be", size = 10333134, upload-time = "2026-10-01T18:03:08.25Z" },
    { url = "https://files.pythonhosted.org/packages/21/aa/5c9f3b68737c0e4a33a1db5dfab44f7b786d96ca91a7233112ddab1e6dc2/ruff-0.16.10-py3-none-musllinux_1_2_x86_64.whl", hash = "sha256:7ae7375f803b5520dc9f546bed7e3a0acb70b91812e9bb4b19927de22f25b77d", size = 10741702, upload-time = "2026-10-01T18:03:10.775Z" },
    { url = "https://files.pythonhosted.org/packages/78/fa/0f9c2020dc316c53d983be011720b8157cc052b97e3f4dfa7db6d0f880a6/ruff-0.16.10-py3-none-win32.whl", hash = "sha256:2a12e01cb9156c10c466f63b46eaae5ecea28dfbd21b5836353ae498e7d1349a", size = 10139176, upload-time = "2026-10-01T18:03:13.267Z" },
    { url = "https://files.pythonhosted.org/packages/99/29/cfb0df9448d4d4ad48c2de029ada9ebd71baa6da983a6c77ee6c6cd0fe82/ruff-0.16.10-py3-none-win_amd64.whl", hash = "sha256:97f2015c92aa97105b0eab19eb5d224884399281cfc5da86a92db4ab5e7fb2ca", size = 10584734, upload-time = "2026-10-01T18:03:16.006Z" },
    { url = "https://files.pythonhosted.org/packages/fc/05/c16957eb287c3fc062e032619a25868d93d408a844b725bcf514f7a378ff/ruff-0.16.10-py3-none-win_arm64.whl", hash = "sha256:25a65fe998c4e6861ec079ada5826a2fc605e6cbccbe9dcd7fac1f54e791621b", size = 10366440, upload-time = "2026-10-01T18:03:19.04Z" },
]

[[package]]
name = "tqdm"
version = "4.70.1"
source = { registry = "https://pypi.org/simple" }
dependencies = [
    { name = "colorama", marker = "sys_platform == 'win32'" },
]
sdist = { url = "https://files.pythonhosted.org/packages/0d/ea/b2a5bd54b28a324dae8211928b2d730b6547500342c7e6c6dea08bd0a485/tqdm-4.70.1.tar.gz", hash = "sha256:cefd0eca11b2a37a3aee776544d4f4ae913f02688135b5556b8788dfa474afc4", size = 171846, upload-time = "2026-09-11T07:25:16.601Z" }
wheels = [
    { url = "https://files.pythonhosted.org/packages/a7/03/921a3d3c75785aca9ebfbfcabfbc3a1be12e2ab5265deb026d55a5a3f83e/tqdm-4.70.1-py3-none-any.whl", hash = "sha256:c293e525e6fef9c20e8728fd4612df02a0aa31bb5fe91ecd93e123b1b7bffa73", size = 80199, upload-time = "2026-09-11T07:25:14.599Z" },
]

[[package]]
name = "typing-extensions"
version = "4.16.0"
source = { registry = "https://pypi.org/simple" }
sdist = { url = "https://files.pythonhosted.org/packages/f6/cc/6253133b5bb138fc3306cebfbda2c520f545d36b5be2c7255cc528bb45d6/typing_extensions-4.16.0.tar.gz", hash = "sha256:dc983d19a509c94dba722ee6abd33940f7c05a89e243c47e907eb4db6f1a43e5", size = 113555, upload-time = "2026-07-02T08:40:05.92Z" }
wheels = [
    { url = "https://files.pythonhosted.org/packages/49/d3/b8441a820a491ddfc024b0b0cf0393375b75ea13866d9c66727e54c2fc80/typing_extensions-4.16.0-py3-none-any.whl", hash = "sha256:481caa481374e813c1b176ada14e97f1f67a4539ce9cfeb3f350d78d6370c2e8", size = 45571, upload-time = "2026-07-02T08:40:04.659Z" },
]

[[package]]
name = "uv-build"
version = "0.12.22"
source = { registry = "https://pypi.org/simple" }
sdist = { url = "https://files.pythonhosted.org/packages/85/db/4219f281f5d4ba15ae5a500a6829d6c561f239059c54dc6ee74de5c29952/uv_build-0.12.22.tar.gz", hash = "sha256:f1190311b52783aa75f60ed72fc8f9feafd95c3fcb0def408089e19563c36db2", size = 437196, upload-time = "2026-10-02T00:16:47.424Z" }
wheels = [
    { url = "https://files.pythonhosted.org/packages/25/98/57102fed5c5ac2f91d1e30f2f661f97b0286eb15ecfa1e50dc611ff9baf4/uv_build-0.12.22-py3-none-linux_armv6l.whl", hash = "sha256:8c4f5629e2cb89c813f005b5b7a475a774caa267458f93d03b87d46084cdf1f9", size = 1527645, upload-time = "2026-10-02T00:16:23.141Z" },
    { url = "https://files.pythonhosted.org/packages/76/e7/9234cc6fc825996387ea6bd4fcb3197d310e92d507cc0194f995fe5d99bd/uv_build-0.12.22-py3-none-macosx_10_12_x86_64.whl", hash = "sha256:158839fa9688b45ecf1aebf37395ce00d5e8c614443d66d638f86a886c2d5fce", size = 1446625, upload-time = "2026-10-02T00:16:24.881Z" },
    { url = "https://files.pythonhosted.org/packages/23/12/b584ce078c015674582d7ee3730c3dcc25958a015140275aafcb959a504b/uv_build-0.12.22-py3-none-macosx_11_0_arm64.whl", hash = "sha256:b0fa34a2bdedbebf02cea1b9ae2ee427112e8d068dc78dca1eaffa65b5c40a99", size = 1354441, upload-time = "2026-10-02T00:16:26.362Z" },
    { url = "https://files.pythonhosted.org/packages/41/a2/042365b3991b18bf9cf297d268a19b63eb592c25a454479989711d8fab6c/uv_build-0.12.22-py3-none-manylinux_2_17_aarch64.manylinux2014_aarch64.musllinux_1_1_aarch64.whl", hash = "sha256:26c461b772e638be9a9141d56791b10e70b870e8f22bbcb1948c2e6450e50c29", size = 1600029, upload-time = "2026-10-02T00:16:27.705Z" },
    { url = "https://files.pythonhosted.org/packages/13/7b/4b222dc90bfd65d54c43ba88b32a055cea1dcf905c84631ebfc8aae128ae/uv_build-0.12.22-py3-none-manylinux_2_17_armv7l.manylinux2014_armv7l.whl", hash = "sha256:a7a8a1ab079b751e486f1f05928a82cfc5e2c81ee1b04e59a2150eaf2d71e6b7", size = 1493602, upload-time = "2026-10-02T00:16:29.301Z" },
    { url = "https://files.pythonhosted.org/packages/8b/a4/b3e864030305832b6f3237f1b907964d024bfd1c2c0cac2bd544e195bd75/uv_build-0.12.22-py3-none-manylinux_2_17_i686.manylinux2014_i686.whl", hash = "sha256:2be2b17a4517088d1146bf004151c5dbf6379308f7534dfbf12d29eaebaa508a", size = 1646172, upload-time = "2026-10-02T00:16:30.432Z" },
    { url = "https://files.pythonhosted.org/packages/83/a2/03fb542730c2d726b9c40b6cd26d910bd177ffe584a24f8692250289273b/uv_build-0.12.22-py3-none-manylinux_2_17_ppc64le.manylinux2014_ppc64le.whl", hash = "sha256:be147b11cd16484ea626ed1a43791a6652f242264d069ad209127684c6daabdf", size = 1674514, upload-time = "2026-10-02T00:16:31.891Z" },
    { url = "https://files.pythonhosted.org/packages/f9/ea/2d22216b39fbe0a47ee3868978a2fb068516970dd6add8bfdd10d67029b8/uv_build-0.12.22-py3-none-manylinux_2_17_s390x.manylinux2014_s390x.whl", hash = "sha256:7940bcc2533532911f22d964813cbd5bf5aaefc48f9610f8451b35d06080a561", size = 1589254, upload-time = "2026-10-02T00:16:33.083Z" },
    { url = "https://files.pythonhosted.org/packages/8d/3a/57dcb95e81299ee6967ddc7db41c8e0e34085a412377af7206237f5418bb/uv_build-0.12.22-py3-none-manylinux_2_17_x86_64.manylinux2014_x86_64.whl", hash = "sha256:c0ef65b969f41bd12dd867f7d147fa01f49225928efb98f29d14253a664c3ff0", size = 1605980, upload-time = "2026-10-02T00:16:34.935Z" },
    { url = "https://files.pythonhosted.org/packages/d0/e0/8a941241982f8927ad567c3b9ef6e7ac15e2015f636fb334eb5659a68669/uv_build-0.12.22-py3-none-manylinux_2_28_aarch64.whl", hash = "sha256:ac79e6c9f454cff6909397322f7f83aadc1d4d673d3dac45a641a17ba3c2f6dc", size = 1602076, upload-time = "2026-10-02T00:16:36.395Z" },
    { url = "https://files.pythonhosted.org/packages/19/39/0cc9f2fc6c89baf1fad43f2b27ed119df41dea7f706c511b53f238f57ff1/uv_build-0.12.22-py3-none-manylinux_2_31_riscv64.whl", hash = "sha256:a836295d271ae09764d03801f7c8ad444ab05520e11dbb3402c05f45b7e2be78", size = 1564114, upload-time = "2026-10-02T00:16:37.623Z" },
    { url = "https://files.pythonhosted.org/packages/94/48/695b2de64c6d0455ffc6b52b1171f1e42645c20992f2bde16936bab23909/uv_build-0.12.22-py3-none-musllinux_1_1_armv7l.whl", hash = "sha256:dfd3097a45abbaf8e3acbcf181ee75545d3b56c39e313b475c5aead9ce43ab20", size = 1508175, upload-time = "2026-10-02T00:16:38.929Z" },
    { url = "https://files.pythonhosted.org/packages/b2/48/91aea1d37ee5994f0d1f7d3f0a93b2630085a407bf0a658be7cdf2766978/uv_build-0.12.22-py3-none-musllinux_1_1_i686.whl", hash = "sha256:104f4cc45ef61617e8b3d1f89f8d9e2b4ee013555c323791cc3dcc95bc6b2a35", size = 1597215, upload-time = "2026-10-02T00:16:40.099Z" },
    { url = "https://files.pythonhosted.org/packages/ad/91/417c4464c514fc39c6f461a6400e71ff6877dae66bb45ff7b8b5fd46566e/uv_build-0.12.22-py3-none-musllinux_1_1_riscv64.whl", hash = "sha256:b33de3e783508c6e6c6adf55afac29e6da697b71717e69f2338ac744efb1afb9", size = 1584441, upload-time = "2026-10-02T00:16:41.193Z" },
    { url = "https://files.pythonhosted.org/packages/98/89/7aa6c407c667e40386acd374f7fddfbb5746ff2eaeb3c901eb3c76976e4e/uv_build-0.12.22-py3-none-musllinux_1_1_x86_64.whl", hash = "sha256:471185f302f7ff8672805e2830d8af77d1f728626e44d4e8683192858bc4f654", size = 1671409, upload-time = "2026-10-02T00:16:42.332Z" },
    { url = "https://files.pythonhosted.org/packages/e7/58/b809e494df57ee06ad69eaa5d1850790b20ec7952e5dd921b99fd6a1fba6/uv_build-0.12.22-py3-none-win32.whl", hash = "sha256:683f9e93b9761b88b32f96844571a9c25f4662aa8b89871921771bd9ecb4371c", size = 1375843, upload-time = "2026-10-02T00:16:43.677Z" },
    { url = "https://files.pythonhosted.org/packages/6a/ce/ce575ac2cda32da7e5c2cb48e1d900d2268b39832ce88d0f5a10b113443c/uv_build-0.12.22-py3-none-win_amd64.whl", hash = "sha256:d4e1d74cae18de0af27f7643ab1d296dadbfe6f6def3f87c85e416e9d3a97d25", size = 1439825, upload-time = "2026-10-02T00:16:44.997Z" },
    { url = "https://files.pythonhosted.org/packages/10/dc/63c22d3cc6c4635ac1172c7e34567985da4a69d9e002afdc94d344136ec3/uv_build-0.12.22-py3-none-win_arm64.whl", hash = "sha256:f78a3d04b2724e8006e715d0c64a8f8728bb87e22d02ade52fd1fe1406963250", size = 1352137, upload-time = "2026-10-02T00:16:46.278Z" },
]

[[package]]
name = "vapoursynth"
version = "79"
source = { registry = "https://pypi.org/simple" }
sdist = { url = "https://files.pythonhosted.org/packages/2d/4d/bb7fcc7f304e7248cf6c83ec0c3c97ee4b4fa2e05bfbbe2a578a9b41fab9/vapoursynth-79.tar.gz", hash = "sha256:01311b79ef22334115f79a78a6d7548bd29f35cc903ee0cea12443d49e142eb1", size = 657038, upload-time = "2026-08-07T08:58:43.96Z" }
wheels = [
    { url = "https://files.pythonhosted.org/packages/68/a3/24c2f637f79f41551c72b6505ba008ba229a1fd7869f102cc77b86ce7bd6/vapoursynth-79-cp312-abi3-macosx_13_0_arm64.whl", hash = "sha256:ea2750319e31d099b4652a4a63f47db2c297c307f7567e3e9352b75158c7b37c", size = 1367869, upload-time = "2026-08-07T08:58:29.308Z" },
    { url = "https://files.pythonhosted.org/packages/91/09/40354f2a95db5a6462a6ca7d66481bc4970c6d3147c547b1d45b5eb35205/vapoursynth-79-cp312-abi3-macosx_13_0_x86_64.whl", hash = "sha256:64eb7309439407fec0e0f6771c1b6f954d08355c46cf0c56fb55e1ba68bb7f79", size = 4483430, upload-time = "2026-08-07T08:58:31.846Z" },
    { url = "https://files.pythonhosted.org/packages/39/b5/d329a044564c22beda6b31cd47f1814cbad29e71a77af1b304715614e628/vapoursynth-79-cp312-abi3-manylinux_2_27_aarch64.manylinux_2_28_aarch64.whl", hash = "sha256:50d031d07b1839ba362cf314e212edb0760c7ca2a7625a051a0bcbf22aaf9d1c", size = 1803612, upload-time = "2026-08-07T08:58:33.366Z" },
    { url = "https://files.pythonhosted.org/packages/c2/82/a4f5e879ff0bb6722ecbecf01482b0783ed05d42aefa7717e6a6f4f77180/vapoursynth-79-cp312-abi3-manylinux_2_27_x86_64.manylinux_2_28_x86_64.whl", hash = "sha256:6f1e37f0ed8eb73e61c3c231fd7f7a0f7acfa893e98d026686e9c81e52c9ce06", size = 4536724, upload-time = "2026-08-07T08:58:35.38Z" },
    { url = "https://files.pythonhosted.org/packages/b7/6f/1546d68b3eac2e83b48da4f8e5272eaec6360f84c7adbaf4fc25e3bb44c8/vapoursynth-79-cp312-abi3-musllinux_1_2_aarch64.whl", hash = "sha256:a780f425f1f102ddb8dd36bc54743f5747d0e08b7cb93eacce8b55eaeb56d555", size = 2585590, upload-time = "2026-08-07T08:58:37.338Z" },
    { url = "https://files.pythonhosted.org/packages/82/e7/8ae84da0b7500c5ed30d02b1c90d3a1beb454ef1965e18b803c8224e8aba/vapoursynth-79-cp312-abi3-musllinux_1_2_x86_64.whl", hash = "sha256:fd2172ecadbe79735c5068e65901d7a37c73488ead54880a305bc7866d2db9b7", size = 5363607, upload-time = "2026-08-07T08:58:39.15Z" },
    { url = "https://files.pythonhosted.org/packages/bc/e4/e551a29871be0e2f0378232e7f347b944b632fa23a42c056cfec53485f95/vapoursynth-79-cp312-abi3-win_amd64.whl", hash = "sha256:643d9708df7e98807a66d4e8804e2e9a1380af22bea2873387d8af103e69aa5b", size = 15157546, upload-time = "2026-08-07T08:58:41.525Z" },
]

[[package]]
name = "videocook"
version = "0.1.0"
source = { editable = "." }
dependencies = [
    { name = "vapoursynth" },
    { name = "vsrepo" },
]

[package.dev-dependencies]
dev = [
    { name = "pytest" },
    { name = "ruff" },
]

[package.metadata]
requires-dist = [
    { name = "vapoursynth", specifier = "==79" },
    { name = "vsrepo", specifier = ">=2.0.0" },
]

[package.metadata.requires-dev]
dev = [
    { name = "pytest", specifier = ">=9.1.1" },
    { name = "ruff", specifier = ">=0.16.10" },
]

[[package]]
name = "vsrepo"
version = "2.0.0"
source = { registry = "https://pypi.org/simple" }
dependencies = [
    { name = "tqdm" },
    { name = "vapoursynth" },
    { name = "vsstubs" },
]
sdist = { url = "https://files.pythonhosted.org/packages/b9/ff/13cffaef693d4997858d52df2e6636bc275f0c68d364866a3bda3e211aa9/vsrepo-2.0.0.tar.gz", hash = "sha256:887196fb996e6df848c513b186817c466442b4091b876b5658bbd64bccc60499", size = 278957, upload-time = "2026-04-06T14:34:15.867Z" }
wheels = [
    { url = "https://files.pythonhosted.org/packages/fe/41/a1e49f302f9c84931c074b5b3d15aff3e73abbb885320b7b96b72920bb40/vsrepo-2.0.0-py3-none-any.whl", hash = "sha256:55c4abb83668359ac4e1e4b8d97fbbe301864bf08e2f5d5e03ff9049d89a8bfc", size = 11458, upload-time = "2026-04-06T14:34:13.871Z" },
]

[[package]]
name = "vsstubs"
version = "2.3.3"
source = { registry = "https://pypi.org/simple" }
dependencies = [
    { name = "build" },
    { name = "cyclopts" },
    { name = "packaging" },
    { name = "rich" },
    { name = "typing-extensions" },
    { name = "uv-build" },
    { name = "vapoursynth" },
]
sdist = { url = "https://files.pythonhosted.org/packages/4e/05/f9e53a06d4f63d5ca20045e2e2a88a9e6a58edc5b03eae94fd02687b3221/vsstubs-2.3.3.tar.gz", hash = "sha256:85515e36e66ece13a6fca0401743e0554286cd7041511142d9a11ce720ce74b9", size = 36035, upload-time = "2026-09-14T19:25:57.527Z" }
wheels = [
    { url = "https://files.pythonhosted.org/packages/96/7c/febd0ae9ad744907824b850a3247d53b45df50c9d15d0179c1ed25c67383/vsstubs-2.3.3-py3-none-any.whl", hash = "sha256:7007e51aa0463fb253212cc0c56ec4f67b6f5175fcc842a654a072e2f01ab1e9", size = 31167, upload-time = "2026-09-14T19:25:56.358Z" },
]
